// !$*UTF8*$!
{
	archiveVersion = 1;
	classes = {
	};
	objectVersion = 46;
	objects = {

/* Begin PBXBuildFile section */
		18EFDF501C50B7EA0029A28E /* main.m in Sources */ = {isa = PBXBuildFile; fileRef = 18EFDF4F1C50B7EA0029A28E /* main.m */; };
		18EFDF531C50B7EA0029A28E /* AppDelegate.m in Sources */ = {isa = PBXBuildFile; fileRef = 18EFDF521C50B7EA0029A28E /* AppDelegate.m */; };
		18EFDF591C50B7EA0029A28E /* ExamLogin.storyboard in Resources */ = {isa = PBXBuildFile; fileRef = 18EFDF571C50B7EA0029A28E /* ExamLogin.storyboard */; };
		18EFDF5B1C50B7EA0029A28E /* Assets.xcassets in Resources */ = {isa = PBXBuildFile; fileRef = 18EFDF5A1C50B7EA0029A28E /* Assets.xcassets */; };
		18EFDF5E1C50B7EA0029A28E /* LaunchScreen.storyboard in Resources */ = {isa = PBXBuildFile; fileRef = 18EFDF5C1C50B7EA0029A28E /* LaunchScreen.storyboard */; };
		18EFDF6A1C50B8E40029A28E /* RPGExamLoginViewController.m in Sources */ = {isa = PBXBuildFile; fileRef = 18EFDF691C50B8E40029A28E /* RPGExamLoginViewController.m */; };
		18EFDF6D1C50BC3C0029A28E /* PRGExamSignInService.m in Sources */ = {isa = PBXBuildFile; fileRef = 18EFDF6C1C50BC3C0029A28E /* PRGExamSignInService.m */; };
		18EFDF721C50DDB60029A28E /* RPGExamDelegateViewController.m in Sources */ = {isa = PBXBuildFile; fileRef = 18EFDF711C50DDB60029A28E /* RPGExamDelegateViewController.m */; };
		18EFDF741C50F5370029A28E /* ExamDelegate.storyboard in Resources */ = {isa = PBXBuildFile; fileRef = 18EFDF731C50F5370029A28E /* ExamDelegate.storyboard */; };
		18EFDF7B1C50F84F0029A28E /* RPGOSSearchViewController.m in Sources */ = {isa = PBXBuildFile; fileRef = 18EFDF7A1C50F84F0029A28E /* RPGOSSearchViewController.m */; };
		18EFDF7E1C50F8610029A28E /* RPGRACSearchViewController.m in Sources */ = {isa = PBXBuildFile; fileRef = 18EFDF7D1C50F8610029A28E /* RPGRACSearchViewController.m */; };
		18EFDF811C50FF270029A28E /* UISearchController+ExamSearchDelegate.m in Sources */ = {isa = PBXBuildFile; fileRef = 18EFDF801C50FF270029A28E /* UISearchController+ExamSearchDelegate.m */; };
		9075361FC1E2E1B52C21C9EA /* Pods_RACPlayground.framework in Frameworks */ = {isa = PBXBuildFile; fileRef = 3ABAD82B8EBCCE9ED826DC50 /* Pods_RACPlayground.framework */; };
/* End PBXBuildFile section */

/* Begin PBXFileReference section */
		18EFDF4B1C50B7EA0029A28E /* RACPlayground.app */ = {isa = PBXFileReference; explicitFileType = wrapper.application; includeInIndex = 0; path = RACPlayground.app; sourceTree = BUILT_PRODUCTS_DIR; };
		18EFDF4F1C50B7EA0029A28E /* main.m */ = {isa = PBXFileReference; lastKnownFileType = sourcecode.c.objc; path = main.m; sourceTree = "<group>"; };
		18EFDF511C50B7EA0029A28E /* AppDelegate.h */ = {isa = PBXFileReference; lastKnownFileType = sourcecode.c.h; path = AppDelegate.h; sourceTree = "<group>"; };
		18EFDF521C50B7EA0029A28E /* AppDelegate.m */ = {isa = PBXFileReference; lastKnownFileType = sourcecode.c.objc; path = AppDelegate.m; sourceTree = "<group>"; };
		18EFDF581C50B7EA0029A28E /* Base */ = {isa = PBXFileReference; lastKnownFileType = file.storyboard; name = Base; path = Base.lproj/ExamLogin.storyboard; sourceTree = "<group>"; };
		18EFDF5A1C50B7EA0029A28E /* Assets.xcassets */ = {isa = PBXFileReference; lastKnownFileType = folder.assetcatalog; path = Assets.xcassets; sourceTree = "<group>"; };
		18EFDF5D1C50B7EA0029A28E /* Base */ = {isa = PBXFileReference; lastKnownFileType = file.storyboard; name = Base; path = Base.lproj/LaunchScreen.storyboard; sourceTree = "<group>"; };
		18EFDF5F1C50B7EA0029A28E /* Info.plist */ = {isa = PBXFileReference; lastKnownFileType = text.plist.xml; path = Info.plist; sourceTree = "<group>"; };
		18EFDF681C50B8E40029A28E /* RPGExamLoginViewController.h */ = {isa = PBXFileReference; fileEncoding = 4; lastKnownFileType = sourcecode.c.h; path = RPGExamLoginViewController.h; sourceTree = "<group>"; };
		18EFDF691C50B8E40029A28E /* RPGExamLoginViewController.m */ = {isa = PBXFileReference; fileEncoding = 4; lastKnownFileType = sourcecode.c.objc; path = RPGExamLoginViewController.m; sourceTree = "<group>"; };
		18EFDF6B1C50BC3C0029A28E /* PRGExamSignInService.h */ = {isa = PBXFileReference; fileEncoding = 4; lastKnownFileType = sourcecode.c.h; path = PRGExamSignInService.h; sourceTree = "<group>"; };
		18EFDF6C1C50BC3C0029A28E /* PRGExamSignInService.m */ = {isa = PBXFileReference; fileEncoding = 4; lastKnownFileType = sourcecode.c.objc; path = PRGExamSignInService.m; sourceTree = "<group>"; };
		18EFDF701C50DDB60029A28E /* RPGExamDelegateViewController.h */ = {isa = PBXFileReference; fileEncoding = 4; lastKnownFileType = sourcecode.c.h; path = RPGExamDelegateViewController.h; sourceTree = "<group>"; };
		18EFDF711C50DDB60029A28E /* RPGExamDelegateViewController.m */ = {isa = PBXFileReference; fileEncoding = 4; lastKnownFileType = sourcecode.c.objc; path = RPGExamDelegateViewController.m; sourceTree = "<group>"; };
		18EFDF731C50F5370029A28E /* ExamDelegate.storyboard */ = {isa = PBXFileReference; fileEncoding = 4; lastKnownFileType = file.storyboard; path = ExamDelegate.storyboard; sourceTree = "<group>"; };
		18EFDF791C50F84F0029A28E /* RPGOSSearchViewController.h */ = {isa = PBXFileReference; fileEncoding = 4; lastKnownFileType = sourcecode.c.h; path = RPGOSSearchViewController.h; sourceTree = "<group>"; };
		18EFDF7A1C50F84F0029A28E /* RPGOSSearchViewController.m */ = {isa = PBXFileReference; fileEncoding = 4; lastKnownFileType = sourcecode.c.objc; path = RPGOSSearchViewController.m; sourceTree = "<group>"; };
		18EFDF7C1C50F8610029A28E /* RPGRACSearchViewController.h */ = {isa = PBXFileReference; fileEncoding = 4; lastKnownFileType = sourcecode.c.h; path = RPGRACSearchViewController.h; sourceTree = "<group>"; };
		18EFDF7D1C50F8610029A28E /* RPGRACSearchViewController.m */ = {isa = PBXFileReference; fileEncoding = 4; lastKnownFileType = sourcecode.c.objc; path = RPGRACSearchViewController.m; sourceTree = "<group>"; };
		18EFDF7F1C50FF270029A28E /* UISearchController+ExamSearchDelegate.h */ = {isa = PBXFileReference; fileEncoding = 4; lastKnownFileType = sourcecode.c.h; path = "UISearchController+ExamSearchDelegate.h"; sourceTree = "<group>"; };
		18EFDF801C50FF270029A28E /* UISearchController+ExamSearchDelegate.m */ = {isa = PBXFileReference; fileEncoding = 4; lastKnownFileType = sourcecode.c.objc; path = "UISearchController+ExamSearchDelegate.m"; sourceTree = "<group>"; };
		3ABAD82B8EBCCE9ED826DC50 /* Pods_RACPlayground.framework */ = {isa = PBXFileReference; explicitFileType = wrapper.framework; includeInIndex = 0; path = Pods_RACPlayground.framework; sourceTree = BUILT_PRODUCTS_DIR; };
		A34FA0C3AC90B2DF3F514C50 /* Pods-RACPlayground.release.xcconfig */ = {isa = PBXFileReference; includeInIndex = 1; lastKnownFileType = text.xcconfig; name = "Pods-RACPlayground.release.xcconfig"; path = "Pods/Target Support Files/Pods-RACPlayground/Pods-RACPlayground.release.xcconfig"; sourceTree = "<group>"; };
		AAF4ACCA7953E21E2EFFC242 /* Pods-RACPlayground.debug.xcconfig */ = {isa = PBXFileReference; includeInIndex = 1; lastKnownFileType = text.xcconfig; name = "Pods-RACPlayground.debug.xcconfig"; path = "Pods/Target Support Files/Pods-RACPlayground/Pods-RACPlayground.debug.xcconfig"; sourceTree = "<group>"; };
/* End PBXFileReference section */

/* Begin PBXFrameworksBuildPhase section */
		18EFDF481C50B7EA0029A28E /* Frameworks */ = {
			isa = PBXFrameworksBuildPhase;
			buildActionMask = 2147483647;
			files = (
				9075361FC1E2E1B52C21C9EA /* Pods_RACPlayground.framework in Frameworks */,
			);
			runOnlyForDeploymentPostprocessing = 0;
		};
/* End PBXFrameworksBuildPhase section */

/* Begin PBXGroup section */
		18EFDF421C50B7EA0029A28E = {
			isa = PBXGroup;
			children = (
				18EFDF4D1C50B7EA0029A28E /* RACPlayground */,
				18EFDF4C1C50B7EA0029A28E /* Products */,
				A143B10BE7407C43101BCB76 /* Pods */,
				BDC41F79666146F1F4C169B4 /* Frameworks */,
			);
			sourceTree = "<group>";
		};
		18EFDF4C1C50B7EA0029A28E /* Products */ = {
			isa = PBXGroup;
			children = (
				18EFDF4B1C50B7EA0029A28E /* RACPlayground.app */,
			);
			name = Products;
			sourceTree = "<group>";
		};
		18EFDF4D1C50B7EA0029A28E /* RACPlayground */ = {
			isa = PBXGroup;
			children = (
				18EFDF6F1C50DD8F0029A28E /* ExamDelegate */,
				18EFDF6E1C50DD7F0029A28E /* ExamLogin */,
				18EFDF511C50B7EA0029A28E /* AppDelegate.h */,
				18EFDF521C50B7EA0029A28E /* AppDelegate.m */,
				18EFDF5A1C50B7EA0029A28E /* Assets.xcassets */,
				18EFDF5C1C50B7EA0029A28E /* LaunchScreen.storyboard */,
				18EFDF5F1C50B7EA0029A28E /* Info.plist */,
				18EFDF4E1C50B7EA0029A28E /* Supporting Files */,
			);
			path = RACPlayground;
			sourceTree = "<group>";
		};
		18EFDF4E1C50B7EA0029A28E /* Supporting Files */ = {
			isa = PBXGroup;
			children = (
				18EFDF4F1C50B7EA0029A28E /* main.m */,
			);
			name = "Supporting Files";
			sourceTree = "<group>";
		};
		18EFDF6E1C50DD7F0029A28E /* ExamLogin */ = {
			isa = PBXGroup;
			children = (
				18EFDF681C50B8E40029A28E /* RPGExamLoginViewController.h */,
				18EFDF691C50B8E40029A28E /* RPGExamLoginViewController.m */,
				18EFDF6B1C50BC3C0029A28E /* PRGExamSignInService.h */,
				18EFDF6C1C50BC3C0029A28E /* PRGExamSignInService.m */,
				18EFDF571C50B7EA0029A28E /* ExamLogin.storyboard */,
			);
			name = ExamLogin;
			sourceTree = "<group>";
		};
		18EFDF6F1C50DD8F0029A28E /* ExamDelegate */ = {
			isa = PBXGroup;
			children = (
				18EFDF751C50F6470029A28E /* Search */,
				18EFDF701C50DDB60029A28E /* RPGExamDelegateViewController.h */,
				18EFDF711C50DDB60029A28E /* RPGExamDelegateViewController.m */,
				18EFDF731C50F5370029A28E /* ExamDelegate.storyboard */,
			);
			name = ExamDelegate;
			sourceTree = "<group>";
		};
		18EFDF751C50F6470029A28E /* Search */ = {
			isa = PBXGroup;
			children = (
				18EFDF791C50F84F0029A28E /* RPGOSSearchViewController.h */,
				18EFDF7A1C50F84F0029A28E /* RPGOSSearchViewController.m */,
				18EFDF7C1C50F8610029A28E /* RPGRACSearchViewController.h */,
				18EFDF7D1C50F8610029A28E /* RPGRACSearchViewController.m */,
				18EFDF7F1C50FF270029A28E /* UISearchController+ExamSearchDelegate.h */,
				18EFDF801C50FF270029A28E /* UISearchController+ExamSearchDelegate.m */,
			);
			name = Search;
			sourceTree = "<group>";
		};
		A143B10BE7407C43101BCB76 /* Pods */ = {
			isa = PBXGroup;
			children = (
				AAF4ACCA7953E21E2EFFC242 /* Pods-RACPlayground.debug.xcconfig */,
				A34FA0C3AC90B2DF3F514C50 /* Pods-RACPlayground.release.xcconfig */,
			);
			name = Pods;
			sourceTree = "<group>";
		};
		BDC41F79666146F1F4C169B4 /* Frameworks */ = {
			isa = PBXGroup;
			children = (
				3ABAD82B8EBCCE9ED826DC50 /* Pods_RACPlayground.framework */,
			);
			name = Frameworks;
			sourceTree = "<group>";
		};
/* End PBXGroup section */

/* Begin PBXNativeTarget section */
		18EFDF4A1C50B7EA0029A28E /* RACPlayground */ = {
			isa = PBXNativeTarget;
			buildConfigurationList = 18EFDF621C50B7EA0029A28E /* Build configuration list for PBXNativeTarget "RACPlayground" */;
			buildPhases = (
				0BC1F4CD94D14EE6D13CB4D2 /* Check Pods Manifest.lock */,
				18EFDF471C50B7EA0029A28E /* Sources */,
				18EFDF481C50B7EA0029A28E /* Frameworks */,
				18EFDF491C50B7EA0029A28E /* Resources */,
				FB97471F077F0842C9A74BDD /* Embed Pods Frameworks */,
				116B86EC04B99F5CD4FDF21A /* Copy Pods Resources */,
			);
			buildRules = (
			);
			dependencies = (
			);
			name = RACPlayground;
			productName = RACPlayground;
			productReference = 18EFDF4B1C50B7EA0029A28E /* RACPlayground.app */;
			productType = "com.apple.product-type.application";
		};
/* End PBXNativeTarget section */

/* Begin PBXProject section */
		18EFDF431C50B7EA0029A28E /* Project object */ = {
			isa = PBXProject;
			attributes = {
				LastUpgradeCheck = 0720;
				ORGANIZATIONNAME = com.timedancing;
				TargetAttributes = {
					18EFDF4A1C50B7EA0029A28E = {
						CreatedOnToolsVersion = 7.2;
					};
				};
			};
			buildConfigurationList = 18EFDF461C50B7EA0029A28E /* Build configuration list for PBXProject "RACPlayground" */;
			compatibilityVersion = "Xcode 3.2";
			developmentRegion = English;
			hasScannedForEncodings = 0;
			knownRegions = (
				en,
				Base,
			);
			mainGroup = 18EFDF421C50B7EA0029A28E;
			productRefGroup = 18EFDF4C1C50B7EA0029A28E /* Products */;
			projectDirPath = "";
			projectRoot = "";
			targets = (
				18EFDF4A1C50B7EA0029A28E /* RACPlayground */,
			);
		};
/* End PBXProject section */

/* Begin PBXResourcesBuildPhase section */
		18EFDF491C50B7EA0029A28E /* Resources */ = {
			isa = PBXResourcesBuildPhase;
			buildActionMask = 2147483647;
			files = (
				18EFDF741C50F5370029A28E /* ExamDelegate.storyboard in Resources */,
				18EFDF5E1C50B7EA0029A28E /* LaunchScreen.storyboard in Resources */,
				18EFDF5B1C50B7EA0029A28E /* Assets.xcassets in Resources */,
				18EFDF591C50B7EA0029A28E /* ExamLogin.storyboard in Resources */,
			);
			runOnlyForDeploymentPostprocessing = 0;
		};
/* End PBXResourcesBuildPhase section */

/* Begin PBXShellScriptBuildPhase section */
		0BC1F4CD94D14EE6D13CB4D2 /* Check Pods Manifest.lock */ = {
			isa = PBXShellScriptBuildPhase;
			buildActionMask = 2147483647;
			files = (
			);
			inputPaths = (
			);
			name = "Check Pods Manifest.lock";
			outputPaths = (
			);
			runOnlyForDeploymentPostprocessing = 0;
			shellPath = /bin/sh;
			shellScript = "diff \"${PODS_ROOT}/../Podfile.lock\" \"${PODS_ROOT}/Manifest.lock\" > /dev/null\nif [[ $? != 0 ]] ; then\n    cat << EOM\nerror: The sandbox is not in sync with the Podfile.lock. Run 'pod install' or update your CocoaPods installation.\nEOM\n    exit 1\nfi\n";
			showEnvVarsInLog = 0;
		};
		116B86EC04B99F5CD4FDF21A /* Copy Pods Resources */ = {
			isa = PBXShellScriptBuildPhase;
			buildActionMask = 2147483647;
			files = (
			);
			inputPaths = (
			);
			name = "Copy Pods Resources";
			outputPaths = (
			);
			runOnlyForDeploymentPostprocessing = 0;
			shellPath = /bin/sh;
			shellScript = "\"${SRCROOT}/Pods/Target Support Files/Pods-RACPlayground/Pods-RACPlayground-resources.sh\"\n";
			showEnvVarsInLog = 0;
		};
		FB97471F077F0842C9A74BDD /* Embed Pods Frameworks */ = {
			isa = PBXShellScriptBuildPhase;
			buildActionMask = 2147483647;
			files = (
			);
			inputPaths = (
			);
			name = "Embed Pods Frameworks";
			outputPaths = (
			);
			runOnlyForDeploymentPostprocessing = 0;
			shellPath = /bin/sh;
			shellScript = "\"${SRCROOT}/Pods/Target Support Files/Pods-RACPlayground/Pods-RACPlayground-frameworks.sh\"\n";
			showEnvVarsInLog = 0;
		};
/* End PBXShellScriptBuildPhase section */

/* Begin PBXSourcesBuildPhase section */
		18EFDF471C50B7EA0029A28E /* Sources */ = {
			isa = PBXSourcesBuildPhase;
			buildActionMask = 2147483647;
			files = (
				18EFDF6A1C50B8E40029A28E /* RPGExamLoginViewController.m in Sources */,
				18EFDF811C50FF270029A28E /* UISearchController+ExamSearchDelegate.m in Sources */,
				18EFDF7B1C50F84F0029A28E /* RPGOSSearchViewController.m in Sources */,
				18EFDF531C50B7EA0029A28E /* AppDelegate.m in Sources */,
				18EFDF7E1C50F8610029A28E /* RPGRACSearchViewController.m in Sources */,
				18EFDF721C50DDB60029A28E /* RPGExamDelegateViewController.m in Sources */,
				18EFDF6D1C50BC3C0029A28E /* PRGExamSignInService.m in Sources */,
				18EFDF501C50B7EA0029A28E /* main.m in Sources */,
			);
			runOnlyForDeploymentPostprocessing = 0;
		};
/* End PBXSourcesBuildPhase section */

/* Begin PBXVariantGroup section */
		18EFDF571C50B7EA0029A28E /* ExamLogin.storyboard */ = {
			isa = PBXVariantGroup;
			children = (
				18EFDF581C50B7EA0029A28E /* Base */,
			);
			name = ExamLogin.storyboard;
			sourceTree = "<group>";
		};
		18EFDF5C1C50B7EA0029A28E /* LaunchScreen.storyboard */ = {
			isa = PBXVariantGroup;
			children = (
				18EFDF5D1C50B7EA0029A28E /* Base */,
			);
			name = LaunchScreen.storyboard;
			sourceTree = "<group>";
		};
/* End PBXVariantGroup section */

/* Begin XCBuildConfiguration section */
		18EFDF601C50B7EA0029A28E /* Debug */ = {
			isa = XCBuildConfiguration;
			buildSettings = {
				ALWAYS_SEARCH_USER_PATHS = NO;
				CLANG_CXX_LANGUAGE_STANDARD = "gnu++0x";
				CLANG_CXX_LIBRARY = "libc++";
				CLANG_ENABLE_MODULES = YES;
				CLANG_ENABLE_OBJC_ARC = YES;
				CLANG_WARN_BOOL_CONVERSION = YES;
				CLANG_WARN_CONSTANT_CONVERSION = YES;
				CLANG_WARN_DIRECT_OBJC_ISA_USAGE = YES_ERROR;
				CLANG_WARN_EMPTY_BODY = YES;
				CLANG_WARN_ENUM_CONVERSION = YES;
				CLANG_WARN_INT_CONVERSION = YES;
				CLANG_WARN_OBJC_ROOT_CLASS = YES_ERROR;
				CLANG_WARN_UNREACHABLE_CODE = YES;
				CLANG_WARN__DUPLICATE_METHOD_MATCH = YES;
				"CODE_SIGN_IDENTITY[sdk=iphoneos*]" = "iPhone Developer";
				COPY_PHASE_STRIP = NO;
				DEBUG_INFORMATION_FORMAT = dwarf;
				ENABLE_STRICT_OBJC_MSGSEND = YES;
				ENABLE_TESTABILITY = YES;
				GCC_C_LANGUAGE_STANDARD = gnu99;
				GCC_DYNAMIC_NO_PIC = NO;
				GCC_NO_COMMON_BLOCKS = YES;
				GCC_OPTIMIZATION_LEVEL = 0;
				GCC_PREPROCESSOR_DEFINITIONS = (
					"DEBUG=1",
					"$(inherited)",
				);
				GCC_WARN_64_TO_32_BIT_CONVERSION = YES;
				GCC_WARN_ABOUT_RETURN_TYPE = YES_ERROR;
				GCC_WARN_UNDECLARED_SELECTOR = YES;
				GCC_WARN_UNINITIALIZED_AUTOS = YES_AGGRESSIVE;
				GCC_WARN_UNUSED_FUNCTION = YES;
				GCC_WARN_UNUSED_VARIABLE = YES;
				IPHONEOS_DEPLOYMENT_TARGET = 9.2;
				MTL_ENABLE_DEBUG_INFO = YES;
				ONLY_ACTIVE_ARCH = YES;
				SDKROOT = iphoneos;
				TARGETED_DEVICE_FAMILY = "1,2";
			};
			name = Debug;
		};
		18EFDF611C50B7EA0029A28E /* Release */ = {
			isa = XCBuildConfiguration;
			buildSettings = {
				ALWAYS_SEARCH_USER_PATHS = NO;
				CLANG_CXX_LANGUAGE_STANDARD = "gnu++0x";
				CLANG_CXX_LIBRARY = "libc++";
				CLANG_ENABLE_MODULES = YES;
				CLANG_ENABLE_OBJC_ARC = YES;
				CLANG_WARN_BOOL_CONVERSION = YES;
				CLANG_WARN_CONSTANT_CONVERSION = YES;
				CLANG_WARN_DIRECT_OBJC_ISA_USAGE = YES_ERROR;
				CLANG_WARN_EMPTY_BODY = YES;
				CLANG_WARN_ENUM_CONVERSION = YES;
				CLANG_WARN_INT_CONVERSION = YES;
				CLANG_WARN_OBJC_ROOT_CLASS = YES_ERROR;
				CLANG_WARN_UNREACHABLE_CODE = YES;
				CLANG_WARN__DUPLICATE_METHOD_MATCH = YES;
				"CODE_SIGN_IDENTITY[sdk=iphoneos*]" = "iPhone Developer";
				COPY_PHASE_STRIP = NO;
				DEBUG_INFORMATION_FORMAT = "dwarf-with-dsym";
				ENABLE_NS_ASSERTIONS = NO;
				ENABLE_STRICT_OBJC_MSGSEND = YES;
				GCC_C_LANGUAGE_STANDARD = gnu99;
				GCC_NO_COMMON_BLOCKS = YES;
				GCC_WARN_64_TO_32_BIT_CONVERSION = YES;
				GCC_WARN_ABOUT_RETURN_TYPE = YES_ERROR;
				GCC_WARN_UNDECLARED_SELECTOR = YES;
				GCC_WARN_UNINITIALIZED_AUTOS = YES_AGGRESSIVE;
				GCC_WARN_UNUSED_FUNCTION = YES;
				GCC_WARN_UNUSED_VARIABLE = YES;
				IPHONEOS_DEPLOYMENT_TARGET = 9.2;
				MTL_ENABLE_DEBUG_INFO = NO;
				SDKROOT = iphoneos;
				TARGETED_DEVICE_FAMILY = "1,2";
				VALIDATE_PRODUCT = YES;
			};
			name = Release;
		};
		18EFDF631C50B7EA0029A28E /* Debug */ = {
			isa = XCBuildConfiguration;
			baseConfigurationReference = AAF4ACCA7953E21E2EFFC242 /* Pods-RACPlayground.debug.xcconfig */;
			buildSettings = {
				ASSETCATALOG_COMPILER_APPICON_NAME = AppIcon;
				INFOPLIST_FILE = RACPlayground/Info.plist;
				IPHONEOS_DEPLOYMENT_TARGET = 8.0;
				LD_RUNPATH_SEARCH_PATHS = "$(inherited) @executable_path/Frameworks";
				PRODUCT_BUNDLE_IDENTIFIER = com.timedancing.RACPlayground;
				PRODUCT_NAME = "$(TARGET_NAME)";
			};
			name = Debug;
		};
		18EFDF641C50B7EA0029A28E /* Release */ = {
			isa = XCBuildConfiguration;
			baseConfigurationReference = A34FA0C3AC90B2DF3F514C50 /* Pods-RACPlayground.release.xcconfig */;
			buildSettings = {
				ASSETCATALOG_COMPILER_APPICON_NAME = AppIcon;
				INFOPLIST_FILE = RACPlayground/Info.plist;
				IPHONEOS_DEPLOYMENT_TARGET = 8.0;
				LD_RUNPATH_SEARCH_PATHS = "$(inherited) @executable_path/Frameworks";
				PRODUCT_BUNDLE_IDENTIFIER = com.timedancing.RACPlayground;
				PRODUCT_NAME = "$(TARGET_NAME)";
			};
			name = Release;
		};
/* End XCBuildConfiguration section */

/* Begin XCConfigurationList section */
		18EFDF461C50B7EA0029A28E /* Build configuration list for PBXProject "RACPlayground" */ = {
			isa = XCConfigurationList;
			buildConfigurations = (
				18EFDF601C50B7EA0029A28E /* Debug */,
				18EFDF611C50B7EA0029A28E /* Release */,
			);
			defaultConfigurationIsVisible = 0;
			defaultConfigurationName = Release;
		};
		18EFDF621C50B7EA0029A28E /* Build configuration list for PBXNativeTarget "RACPlayground" */ = {
			isa = XCConfigurationList;
			buildConfigurations = (
				18EFDF631C50B7EA0029A28E /* Debug */,
				18EFDF641C50B7EA0029A28E /* Release */,
			);
			defaultConfigurationIsVisible = 0;
			defaultConfigurationName = Release;
		};
/* End XCConfigurationList section */
	};
	rootObject = 18EFDF431C50B7EA0029A28E /* Project object */;
}
